{
  "nodes": {
    "gitignore-nix": {
      "flake": false,
      "locked": {
        "lastModified": 1594969032,
        "narHash": "sha256-nbZfz02QoVe1yYK7EtCV7wMi4VdHzZEoPg20ZSDo9to=",
        "owner": "hercules-ci",
        "repo": "gitignore.nix",
        "rev": "c4662e662462e7bf3c2a968483478a665d00e717",
        "type": "github"
      },
      "original": {
        "owner": "hercules-ci",
        "ref": "master",
        "repo": "gitignore.nix",
        "type": "github"
      }
    },
    "home-manager": {
      "inputs": {
        "nixpkgs": [
          "nixpkgs"
        ]
      },
      "locked": {
        "lastModified": 1604628022,
        "narHash": "sha256-zCbTh91NBQdGRtO+GZxfKnmRjp+4rOQ2B8wtNpVcxgs=",
        "owner": "rycee",
        "repo": "home-manager",
        "rev": "4cc1b77c3fc4f4b3bc61921dda72663eea962fa3",
        "type": "github"
      },
      "original": {
        "owner": "rycee",
        "ref": "master",
        "repo": "home-manager",
        "type": "github"
      }
    },
    "nix-bundle": {
      "inputs": {
        "nixpkgs": [
          "nixpkgs"
        ]
      },
      "locked": {
        "lastModified": 1598758506,
        "narHash": "sha256-7j7hTEEQd2RmNS+IVoEtwdJzGTDdXwkxODc6ln0Or70=",
        "owner": "matthewbauer",
        "repo": "nix-bundle",
        "rev": "83742ac8ea4230ca239f948a6b2127449b25ece8",
        "type": "github"
      },
      "original": {
        "owner": "matthewbauer",
        "ref": "master",
        "repo": "nix-bundle",
        "type": "github"
      }
    },
    "nixpkgs": {
      "locked": {
        "lastModified": 1604832196,
        "narHash": "sha256-6UH69Ezew96pQiTuKdRa0WrLVsJmti4/2avwEd/Iz10=",
        "owner": "NixOS",
        "repo": "nixpkgs",
        "rev": "6519e0b796addb4d28f7852bdcafcbb0b8b3fe62",
        "type": "github"
      },
      "original": {
        "owner": "NixOS",
        "ref": "master",
        "repo": "nixpkgs",
        "type": "github"
      }
    },
    "nixpkgs-mozilla": {
      "flake": false,
      "locked": {
        "lastModified": 1603906276,
        "narHash": "sha256-RsNPnEKd7BcogwkqhaV5kI/HuNC4flH/OQCC/4W5y/8=",
        "owner": "mozilla",
        "repo": "nixpkgs-mozilla",
        "rev": "8c007b60731c07dd7a052cce508de3bb1ae849b4",
        "type": "github"
      },
      "original": {
        "owner": "mozilla",
        "ref": "master",
        "repo": "nixpkgs-mozilla",
        "type": "github"
      }
    },
    "root": {
      "inputs": {
        "gitignore-nix": "gitignore-nix",
        "home-manager": "home-manager",
        "nix-bundle": "nix-bundle",
        "nixpkgs": "nixpkgs",
        "nixpkgs-mozilla": "nixpkgs-mozilla"
      }
    }
  },
  "root": "root",
  "version": 7
}
