{
  "nodes": {
    "gitignore-nix": {
      "flake": false,
      "locked": {
        "lastModified": 1594969032,
        "narHash": "sha256-nbZfz02QoVe1yYK7EtCV7wMi4VdHzZEoPg20ZSDo9to=",
        "owner": "hercules-ci",
        "repo": "gitignore.nix",
        "rev": "c4662e662462e7bf3c2a968483478a665d00e717",
        "type": "github"
      },
      "original": {
        "owner": "hercules-ci",
        "ref": "master",
        "repo": "gitignore.nix",
        "type": "github"
      }
    },
    "home-manager": {
      "inputs": {
        "nixpkgs": [
          "nixpkgs"
        ]
      },
      "locked": {
        "lastModified": 1599242479,
        "narHash": "sha256-hqI+F1S8gW5OJ+DitXl6F/5f/A7RvnmZJAcR7BDndtQ=",
        "owner": "rycee",
        "repo": "home-manager",
        "rev": "41b1af808f1de69c31f3fd164d5274154ee782e4",
        "type": "github"
      },
      "original": {
        "owner": "rycee",
        "ref": "master",
        "repo": "home-manager",
        "type": "github"
      }
    },
    "nix-bundle": {
      "inputs": {
        "nixpkgs": [
          "nixpkgs"
        ]
      },
      "locked": {
        "lastModified": 1598758506,
        "narHash": "sha256-7j7hTEEQd2RmNS+IVoEtwdJzGTDdXwkxODc6ln0Or70=",
        "owner": "matthewbauer",
        "repo": "nix-bundle",
        "rev": "83742ac8ea4230ca239f948a6b2127449b25ece8",
        "type": "github"
      },
      "original": {
        "owner": "matthewbauer",
        "ref": "master",
        "repo": "nix-bundle",
        "type": "github"
      }
    },
    "nixpkgs": {
      "locked": {
        "lastModified": 1597943282,
        "narHash": "sha256-G/VQBlqO7YeFOSvn29RqdvABZxmQBtiRYVA6kjqWZ6o=",
        "owner": "NixOS",
        "repo": "nixpkgs-channels",
        "rev": "c59ea8b8a0e7f927e7291c14ea6cd1bd3a16ff38",
        "type": "github"
      },
      "original": {
        "owner": "NixOS",
        "ref": "nixos-unstable",
        "repo": "nixpkgs-channels",
        "type": "github"
      }
    },
    "nixpkgs-mozilla": {
      "flake": false,
      "locked": {
        "lastModified": 1594829078,
        "narHash": "sha256-yRCkO499a5gucHmxgWb/QDqPt/UBTbuPURuPZ9DLmIc=",
        "owner": "mozilla",
        "repo": "nixpkgs-mozilla",
        "rev": "efda5b357451dbb0431f983cca679ae3cd9b9829",
        "type": "github"
      },
      "original": {
        "owner": "mozilla",
        "ref": "master",
        "repo": "nixpkgs-mozilla",
        "type": "github"
      }
    },
    "root": {
      "inputs": {
        "gitignore-nix": "gitignore-nix",
        "home-manager": "home-manager",
        "nix-bundle": "nix-bundle",
        "nixpkgs": "nixpkgs",
        "nixpkgs-mozilla": "nixpkgs-mozilla"
      }
    }
  },
  "root": "root",
  "version": 7
}
