{
  "nodes": {
    "gitignore-nix": {
      "flake": false,
      "info": {
        "lastModified": 1591774229,
        "narHash": "sha256-LXgvQm0kJZWnuk50j6iKgDMNvUxzbgdw4lyKT9k+Q08="
      },
      "locked": {
        "owner": "hercules-ci",
        "repo": "gitignore.nix",
        "rev": "647d0821b590ee96056f4593640534542d8700e5",
        "type": "github"
      },
      "original": {
        "owner": "hercules-ci",
        "ref": "master",
        "repo": "gitignore.nix",
        "type": "github"
      }
    },
    "home-manager": {
      "info": {
        "lastModified": 1591751635,
        "narHash": "sha256-KgGtyFlkI/fsp+j8VEgJ/ynY9B91aX35Xp04HlDLRTo="
      },
      "inputs": {
        "nixpkgs": "nixpkgs"
      },
      "locked": {
        "owner": "rycee",
        "repo": "home-manager",
        "rev": "b3fee796fcd5531693d9b84ece76ad6836bb1cfa",
        "type": "github"
      },
      "original": {
        "owner": "rycee",
        "ref": "bqv-flakes",
        "repo": "home-manager",
        "type": "github"
      }
    },
    "nixpkgs": {
      "info": {
        "lastModified": 1592526205,
        "narHash": "sha256-P9bv8abVtQT+7oNMRt2kibJ2DPp5HQX/hcb4iBI7QBI="
      },
      "locked": {
        "owner": "NixOS",
        "repo": "nixpkgs-channels",
        "rev": "a84cbb60f0296210be03c08d243670dd18a3f6eb",
        "type": "github"
      },
      "original": {
        "owner": "NixOS",
        "ref": "nixpkgs-unstable",
        "repo": "nixpkgs-channels",
        "type": "github"
      }
    },
    "nixpkgs-mozilla": {
      "flake": false,
      "info": {
        "lastModified": 1582134900,
        "narHash": "sha256-Qw75AH10FsjcFMNKEFQ+VRNXQvvQx8CWmnMBxNH62yE="
      },
      "locked": {
        "owner": "mozilla",
        "repo": "nixpkgs-mozilla",
        "rev": "e912ed483e980dfb4666ae0ed17845c4220e5e7c",
        "type": "github"
      },
      "original": {
        "owner": "mozilla",
        "ref": "master",
        "repo": "nixpkgs-mozilla",
        "type": "github"
      }
    },
    "root": {
      "inputs": {
        "gitignore-nix": "gitignore-nix",
        "home-manager": "home-manager",
        "nixpkgs": "nixpkgs",
        "nixpkgs-mozilla": "nixpkgs-mozilla"
      }
    }
  },
  "root": "root",
  "version": 5
}
